{
    "name": "ysyx-oj-system",
    "version": "1.0.0",
    "lockfileVersion": 3,
    "requires": true,
    "packages": {
        "": {
            "name": "ysyx-oj-system",
            "version": "1.0.0",
            "dependencies": {
                "dayjs": "^1.11.7",
                "formidable": "^1.2.1",
                "uuid": "^9.0.0"
            }
        },
        "node_modules/dayjs": {
            "version": "1.11.10",
            "resolved": "https://registry.npmmirror.com/dayjs/-/dayjs-1.11.10.tgz",
            "integrity": "sha512-vjAczensTgRcqDERK0SR2XMwsF/tSvnvlv6VcF2GIhg6Sx4yOIt/irsr1RDJsKiIyBzJDpCoXiWWq28MqH2cnQ=="
        },
        "node_modules/formidable": {
            "version": "1.2.6",
            "resolved": "https://registry.npmmirror.com/formidable/-/formidable-1.2.6.tgz",
            "integrity": "sha512-KcpbcpuLNOwrEjnbpMC0gS+X8ciDoZE1kkqzat4a8vrprf+s9pKNQ/QIwWfbfs4ltgmFl3MD177SNTkve3BwGQ==",
            "deprecated": "Please upgrade to latest, formidable@v2 or formidable@v3! Check these notes: https://bit.ly/2ZEqIau"
        },
        "node_modules/uuid": {
            "version": "9.0.1",
            "resolved": "https://registry.npmmirror.com/uuid/-/uuid-9.0.1.tgz",
            "integrity": "sha512-b+1eJOlsR9K8HJpow9Ok3fiWOWSIcIzXodvv0rQjVoOVNpWMpxf1wZNpt4y9h10odCNrqnYp1OBzRktckBe3sA==",
            "bin": {
                "uuid": "dist/bin/uuid"
            }
        }
    }
}
